
Microsoft Visual Studio Solution File, Format Version 12.00
# Visual Studio Version 16
VisualStudioVersion = 16.0.28210.120
MinimumVisualStudioVersion = 10.0.40219.1
Project("{2150E333-8FDC-42A3-9474-1A3956D46DE8}") = "Solution Items", "Solution Items", "{F472B188-F0AE-48F0-B5A0-62F62468D78B}"
	ProjectSection(SolutionItems) = preProject
		azure-pipelines.yml = azure-pipelines.yml
		publish-manifest.json = publish-manifest.json
		README.md = README.md
	EndProjectSection
EndProject
Project("{FAE04EC0-301F-11D3-BF4B-00C04F79EFBC}") = "CodeNav", "CodeNav\CodeNav.csproj", "{5F314B23-2D45-4748-90BE-362411F06EF0}"
EndProject
Project("{FAE04EC0-301F-11D3-BF4B-00C04F79EFBC}") = "CodeNav.Tests", "CodeNav.Tests\CodeNav.Tests.csproj", "{3FF290DC-DCE3-4B6C-B3B9-0CE6B995E908}"
EndProject
Global
	GlobalSection(SolutionConfigurationPlatforms) = preSolution
		Debug|Any CPU = Debug|Any CPU
		Debug|x64 = Debug|x64
		Debug|x86 = Debug|x86
		Release|Any CPU = Release|Any CPU
		Release|x64 = Release|x64
		Release|x86 = Release|x86
	EndGlobalSection
	GlobalSection(ProjectConfigurationPlatforms) = postSolution
		{5F314B23-2D45-4748-90BE-362411F06EF0}.Debug|Any CPU.ActiveCfg = Debug|Any CPU
		{5F314B23-2D45-4748-90BE-362411F06EF0}.Debug|Any CPU.Build.0 = Debug|Any CPU
		{5F314B23-2D45-4748-90BE-362411F06EF0}.Debug|x64.ActiveCfg = Debug|Any CPU
		{5F314B23-2D45-4748-90BE-362411F06EF0}.Debug|x64.Build.0 = Debug|Any CPU
		{5F314B23-2D45-4748-90BE-362411F06EF0}.Debug|x86.ActiveCfg = Debug|Any CPU
		{5F314B23-2D45-4748-90BE-362411F06EF0}.Debug|x86.Build.0 = Debug|Any CPU
		{5F314B23-2D45-4748-90BE-362411F06EF0}.Release|Any CPU.ActiveCfg = Release|Any CPU
		{5F314B23-2D45-4748-90BE-362411F06EF0}.Release|Any CPU.Build.0 = Release|Any CPU
		{5F314B23-2D45-4748-90BE-362411F06EF0}.Release|x64.ActiveCfg = Release|Any CPU
		{5F314B23-2D45-4748-90BE-362411F06EF0}.Release|x64.Build.0 = Release|Any CPU
		{5F314B23-2D45-4748-90BE-362411F06EF0}.Release|x86.ActiveCfg = Release|Any CPU
		{5F314B23-2D45-4748-90BE-362411F06EF0}.Release|x86.Build.0 = Release|Any CPU
		{3FF290DC-DCE3-4B6C-B3B9-0CE6B995E908}.Debug|Any CPU.ActiveCfg = Debug|Any CPU
		{3FF290DC-DCE3-4B6C-B3B9-0CE6B995E908}.Debug|Any CPU.Build.0 = Debug|Any CPU
		{3FF290DC-DCE3-4B6C-B3B9-0CE6B995E908}.Debug|x64.ActiveCfg = Debug|Any CPU
		{3FF290DC-DCE3-4B6C-B3B9-0CE6B995E908}.Debug|x64.Build.0 = Debug|Any CPU
		{3FF290DC-DCE3-4B6C-B3B9-0CE6B995E908}.Debug|x86.ActiveCfg = Debug|Any CPU
		{3FF290DC-DCE3-4B6C-B3B9-0CE6B995E908}.Debug|x86.Build.0 = Debug|Any CPU
		{3FF290DC-DCE3-4B6C-B3B9-0CE6B995E908}.Release|Any CPU.ActiveCfg = Release|Any CPU
		{3FF290DC-DCE3-4B6C-B3B9-0CE6B995E908}.Release|Any CPU.Build.0 = Release|Any CPU
		{3FF290DC-DCE3-4B6C-B3B9-0CE6B995E908}.Release|x64.ActiveCfg = Release|Any CPU
		{3FF290DC-DCE3-4B6C-B3B9-0CE6B995E908}.Release|x64.Build.0 = Release|Any CPU
		{3FF290DC-DCE3-4B6C-B3B9-0CE6B995E908}.Release|x86.ActiveCfg = Release|Any CPU
		{3FF290DC-DCE3-4B6C-B3B9-0CE6B995E908}.Release|x86.Build.0 = Release|Any CPU
	EndGlobalSection
	GlobalSection(SolutionProperties) = preSolution
		HideSolutionNode = FALSE
	EndGlobalSection
	GlobalSection(ExtensibilityGlobals) = postSolution
		SolutionGuid = {F182C2A3-8479-440F-B192-2E5F16581804}
	EndGlobalSection
EndGlobal
